PODS:
  - KAProgressLabel (3.2)
  - TBXML (1.5)
  - TSMiniWebBrowser (1.0.1)
  - Veeplay (2.1):
    - KAProgressLabel (~> 3.0)
    - TBXML (~> 1.5)
    - TSMiniWebBrowser

DEPENDENCIES:
  - Veeplay (from `../Veeplay.podspec`)

EXTERNAL SOURCES:
  Veeplay:
    :path: "../Veeplay.podspec"

SPEC CHECKSUMS:
  KAProgressLabel: 4362a1d37c5a7bc7c10cd059fd2da7cb9599cb50
  TBXML: 9f9dadb239f2f2af1dadb87fe43a0ce6e479379a
  TSMiniWebBrowser: ca9d2b548584d197d360d58696e22e811c9329f0
  Veeplay: 09e3815af8311bf61c29c89f634283e5f03bea64

PODFILE CHECKSUM: 7522c7da35b7a3f7f14d7c153497d3c720a13671

COCOAPODS: 1.0.0.beta.2
