// !$*UTF8*$!
{
	archiveVersion = 1;
	classes = {
	};
	objectVersion = 46;
	objects = {

/* Begin PBXBuildFile section */
		9424893689BF44F17FBAC479 /* libPods.a in Frameworks */ = {isa = PBXBuildFile; fileRef = E6C3F80D650C4E60A6342A9B /* libPods.a */; };
		CE05D52119D466F300E3F513 /* libPods-KAProgressLabel.a in Frameworks */ = {isa = PBXBuildFile; fileRef = CE05D52019D466F300E3F513 /* libPods-KAProgressLabel.a */; };
		CE05D52319D466F600E3F513 /* libPods-TBXML.a in Frameworks */ = {isa = PBXBuildFile; fileRef = CE05D52219D466F600E3F513 /* libPods-TBXML.a */; };
		CE05D52519D466F900E3F513 /* libPods-TSMiniWebBrowser.a in Frameworks */ = {isa = PBXBuildFile; fileRef = CE05D52419D466F900E3F513 /* libPods-TSMiniWebBrowser.a */; };
		CE0973B019C1FBC100B287B9 /* ManualConfigurationViewController.m in Sources */ = {isa = PBXBuildFile; fileRef = CE0B7B4719B48361008ECF95 /* ManualConfigurationViewController.m */; };
		CE0973B119C1FBC400B287B9 /* JSONConfigurationViewController.m in Sources */ = {isa = PBXBuildFile; fileRef = CE09734C19B68CA800B287B9 /* JSONConfigurationViewController.m */; };
		CE0973B219C1FBC700B287B9 /* DictionaryConfigurationViewController.m in Sources */ = {isa = PBXBuildFile; fileRef = CE09734F19B69B7B00B287B9 /* DictionaryConfigurationViewController.m */; };
		CE14C18319C758A000545727 /* MRAIDShowcaseViewController.m in Sources */ = {isa = PBXBuildFile; fileRef = CE14C18219C758A000545727 /* MRAIDShowcaseViewController.m */; };
		CE14C18819C9023F00545727 /* ContinuousViewController.m in Sources */ = {isa = PBXBuildFile; fileRef = CE14C18719C9023F00545727 /* ContinuousViewController.m */; };
		CE14C18C19C9B78700545727 /* NavigationViewController.m in Sources */ = {isa = PBXBuildFile; fileRef = CE14C18B19C9B78700545727 /* NavigationViewController.m */; };
		CE2C9A7D19CFAB6800A8C74C /* DemoViewController.m in Sources */ = {isa = PBXBuildFile; fileRef = CE2C9A7C19CFAB6800A8C74C /* DemoViewController.m */; };
		CEC1C53C19B3C30000758D1E /* i_1.jpg in Resources */ = {isa = PBXBuildFile; fileRef = CEC1C53219B3C30000758D1E /* i_1.jpg */; };
		CEC1C53D19B3C30000758D1E /* i_1@2x.jpg in Resources */ = {isa = PBXBuildFile; fileRef = CEC1C53319B3C30000758D1E /* i_1@2x.jpg */; };
		CEC1C53E19B3C30000758D1E /* i_2.jpg in Resources */ = {isa = PBXBuildFile; fileRef = CEC1C53419B3C30000758D1E /* i_2.jpg */; };
		CEC1C53F19B3C30000758D1E /* i_2@2x.jpg in Resources */ = {isa = PBXBuildFile; fileRef = CEC1C53519B3C30000758D1E /* i_2@2x.jpg */; };
		CEC1C54019B3C30000758D1E /* i_3.jpg in Resources */ = {isa = PBXBuildFile; fileRef = CEC1C53619B3C30000758D1E /* i_3.jpg */; };
		CEC1C54119B3C30000758D1E /* i_3@2x.jpg in Resources */ = {isa = PBXBuildFile; fileRef = CEC1C53719B3C30000758D1E /* i_3@2x.jpg */; };
		CEC1C54219B3C30000758D1E /* i_4.jpg in Resources */ = {isa = PBXBuildFile; fileRef = CEC1C53819B3C30000758D1E /* i_4.jpg */; };
		CEC1C54319B3C30000758D1E /* i_4@2x.jpg in Resources */ = {isa = PBXBuildFile; fileRef = CEC1C53919B3C30000758D1E /* i_4@2x.jpg */; };
		CEC1C54419B3C30000758D1E /* i_5.jpg in Resources */ = {isa = PBXBuildFile; fileRef = CEC1C53A19B3C30000758D1E /* i_5.jpg */; };
		CEC1C54519B3C30000758D1E /* i_5@2x.jpg in Resources */ = {isa = PBXBuildFile; fileRef = CEC1C53B19B3C30000758D1E /* i_5@2x.jpg */; };
		CEEDEDDD19B285E000D2436B /* Foundation.framework in Frameworks */ = {isa = PBXBuildFile; fileRef = CEEDEDDC19B285E000D2436B /* Foundation.framework */; };
		CEEDEDDF19B285E000D2436B /* CoreGraphics.framework in Frameworks */ = {isa = PBXBuildFile; fileRef = CEEDEDDE19B285E000D2436B /* CoreGraphics.framework */; };
		CEEDEDE119B285E000D2436B /* UIKit.framework in Frameworks */ = {isa = PBXBuildFile; fileRef = CEEDEDE019B285E000D2436B /* UIKit.framework */; };
		CEEDEDE719B285E000D2436B /* InfoPlist.strings in Resources */ = {isa = PBXBuildFile; fileRef = CEEDEDE519B285E000D2436B /* InfoPlist.strings */; };
		CEEDEDE919B285E000D2436B /* main.m in Sources */ = {isa = PBXBuildFile; fileRef = CEEDEDE819B285E000D2436B /* main.m */; };
		CEEDEDED19B285E000D2436B /* AppDelegate.m in Sources */ = {isa = PBXBuildFile; fileRef = CEEDEDEC19B285E000D2436B /* AppDelegate.m */; };
		CEEDEDF019B285E000D2436B /* Main_iPhone.storyboard in Resources */ = {isa = PBXBuildFile; fileRef = CEEDEDEE19B285E000D2436B /* Main_iPhone.storyboard */; };
		CEEDEDF619B285E000D2436B /* ViewController.m in Sources */ = {isa = PBXBuildFile; fileRef = CEEDEDF519B285E000D2436B /* ViewController.m */; };
		CEEDEDF819B285E000D2436B /* Images.xcassets in Resources */ = {isa = PBXBuildFile; fileRef = CEEDEDF719B285E000D2436B /* Images.xcassets */; };
		CEEDEDFF19B285E000D2436B /* XCTest.framework in Frameworks */ = {isa = PBXBuildFile; fileRef = CEEDEDFE19B285E000D2436B /* XCTest.framework */; };
		CEEDEE0019B285E000D2436B /* Foundation.framework in Frameworks */ = {isa = PBXBuildFile; fileRef = CEEDEDDC19B285E000D2436B /* Foundation.framework */; };
		CEEDEE0119B285E000D2436B /* UIKit.framework in Frameworks */ = {isa = PBXBuildFile; fileRef = CEEDEDE019B285E000D2436B /* UIKit.framework */; };
		CEEDEE0919B285E000D2436B /* InfoPlist.strings in Resources */ = {isa = PBXBuildFile; fileRef = CEEDEE0719B285E000D2436B /* InfoPlist.strings */; };
		CEEDEE0B19B285E000D2436B /* VeesoDemoTests.m in Sources */ = {isa = PBXBuildFile; fileRef = CEEDEE0A19B285E000D2436B /* VeesoDemoTests.m */; };
/* End PBXBuildFile section */

/* Begin PBXContainerItemProxy section */
		CEEDEE0219B285E000D2436B /* PBXContainerItemProxy */ = {
			isa = PBXContainerItemProxy;
			containerPortal = CEEDEDD119B285DF00D2436B /* Project object */;
			proxyType = 1;
			remoteGlobalIDString = CEEDEDD819B285E000D2436B;
			remoteInfo = VeesoDemo;
		};
/* End PBXContainerItemProxy section */

/* Begin PBXFileReference section */
		49E78968F9260281DF9452B3 /* Pods.debug.xcconfig */ = {isa = PBXFileReference; includeInIndex = 1; lastKnownFileType = text.xcconfig; name = Pods.debug.xcconfig; path = "Pods/Target Support Files/Pods/Pods.debug.xcconfig"; sourceTree = "<group>"; };
		C348D6FA6842E8836C779EB0 /* Pods.release.xcconfig */ = {isa = PBXFileReference; includeInIndex = 1; lastKnownFileType = text.xcconfig; name = Pods.release.xcconfig; path = "Pods/Target Support Files/Pods/Pods.release.xcconfig"; sourceTree = "<group>"; };
		CE05D52019D466F300E3F513 /* libPods-KAProgressLabel.a */ = {isa = PBXFileReference; lastKnownFileType = archive.ar; name = "libPods-KAProgressLabel.a"; path = "Pods/build/Debug-iphoneos/libPods-KAProgressLabel.a"; sourceTree = "<group>"; };
		CE05D52219D466F600E3F513 /* libPods-TBXML.a */ = {isa = PBXFileReference; lastKnownFileType = archive.ar; name = "libPods-TBXML.a"; path = "Pods/build/Debug-iphoneos/libPods-TBXML.a"; sourceTree = "<group>"; };
		CE05D52419D466F900E3F513 /* libPods-TSMiniWebBrowser.a */ = {isa = PBXFileReference; lastKnownFileType = archive.ar; name = "libPods-TSMiniWebBrowser.a"; path = "Pods/build/Debug-iphoneos/libPods-TSMiniWebBrowser.a"; sourceTree = "<group>"; };
		CE09734B19B68CA800B287B9 /* JSONConfigurationViewController.h */ = {isa = PBXFileReference; fileEncoding = 4; lastKnownFileType = sourcecode.c.h; path = JSONConfigurationViewController.h; sourceTree = "<group>"; };
		CE09734C19B68CA800B287B9 /* JSONConfigurationViewController.m */ = {isa = PBXFileReference; fileEncoding = 4; lastKnownFileType = sourcecode.c.objc; path = JSONConfigurationViewController.m; sourceTree = "<group>"; };
		CE09734E19B69B7B00B287B9 /* DictionaryConfigurationViewController.h */ = {isa = PBXFileReference; fileEncoding = 4; lastKnownFileType = sourcecode.c.h; path = DictionaryConfigurationViewController.h; sourceTree = "<group>"; };
		CE09734F19B69B7B00B287B9 /* DictionaryConfigurationViewController.m */ = {isa = PBXFileReference; fileEncoding = 4; lastKnownFileType = sourcecode.c.objc; path = DictionaryConfigurationViewController.m; sourceTree = "<group>"; };
		CE0B7B4619B48361008ECF95 /* ManualConfigurationViewController.h */ = {isa = PBXFileReference; fileEncoding = 4; lastKnownFileType = sourcecode.c.h; path = ManualConfigurationViewController.h; sourceTree = "<group>"; };
		CE0B7B4719B48361008ECF95 /* ManualConfigurationViewController.m */ = {isa = PBXFileReference; fileEncoding = 4; lastKnownFileType = sourcecode.c.objc; path = ManualConfigurationViewController.m; sourceTree = "<group>"; };
		CE14C18119C758A000545727 /* MRAIDShowcaseViewController.h */ = {isa = PBXFileReference; fileEncoding = 4; lastKnownFileType = sourcecode.c.h; path = MRAIDShowcaseViewController.h; sourceTree = "<group>"; };
		CE14C18219C758A000545727 /* MRAIDShowcaseViewController.m */ = {isa = PBXFileReference; fileEncoding = 4; lastKnownFileType = sourcecode.c.objc; path = MRAIDShowcaseViewController.m; sourceTree = "<group>"; };
		CE14C18619C9023F00545727 /* ContinuousViewController.h */ = {isa = PBXFileReference; fileEncoding = 4; lastKnownFileType = sourcecode.c.h; path = ContinuousViewController.h; sourceTree = "<group>"; };
		CE14C18719C9023F00545727 /* ContinuousViewController.m */ = {isa = PBXFileReference; fileEncoding = 4; lastKnownFileType = sourcecode.c.objc; path = ContinuousViewController.m; sourceTree = "<group>"; };
		CE14C18A19C9B78700545727 /* NavigationViewController.h */ = {isa = PBXFileReference; fileEncoding = 4; lastKnownFileType = sourcecode.c.h; path = NavigationViewController.h; sourceTree = "<group>"; };
		CE14C18B19C9B78700545727 /* NavigationViewController.m */ = {isa = PBXFileReference; fileEncoding = 4; lastKnownFileType = sourcecode.c.objc; path = NavigationViewController.m; sourceTree = "<group>"; };
		CE2C9A7B19CFAB6800A8C74C /* DemoViewController.h */ = {isa = PBXFileReference; fileEncoding = 4; lastKnownFileType = sourcecode.c.h; name = DemoViewController.h; path = Demos/DemoViewController.h; sourceTree = SOURCE_ROOT; };
		CE2C9A7C19CFAB6800A8C74C /* DemoViewController.m */ = {isa = PBXFileReference; fileEncoding = 4; lastKnownFileType = sourcecode.c.objc; name = DemoViewController.m; path = Demos/DemoViewController.m; sourceTree = SOURCE_ROOT; };
		CEC1C53219B3C30000758D1E /* i_1.jpg */ = {isa = PBXFileReference; lastKnownFileType = image.jpeg; path = i_1.jpg; sourceTree = "<group>"; };
		CEC1C53319B3C30000758D1E /* i_1@2x.jpg */ = {isa = PBXFileReference; lastKnownFileType = image.jpeg; path = "i_1@2x.jpg"; sourceTree = "<group>"; };
		CEC1C53419B3C30000758D1E /* i_2.jpg */ = {isa = PBXFileReference; lastKnownFileType = image.jpeg; path = i_2.jpg; sourceTree = "<group>"; };
		CEC1C53519B3C30000758D1E /* i_2@2x.jpg */ = {isa = PBXFileReference; lastKnownFileType = image.jpeg; path = "i_2@2x.jpg"; sourceTree = "<group>"; };
		CEC1C53619B3C30000758D1E /* i_3.jpg */ = {isa = PBXFileReference; lastKnownFileType = image.jpeg; path = i_3.jpg; sourceTree = "<group>"; };
		CEC1C53719B3C30000758D1E /* i_3@2x.jpg */ = {isa = PBXFileReference; lastKnownFileType = image.jpeg; path = "i_3@2x.jpg"; sourceTree = "<group>"; };
		CEC1C53819B3C30000758D1E /* i_4.jpg */ = {isa = PBXFileReference; lastKnownFileType = image.jpeg; path = i_4.jpg; sourceTree = "<group>"; };
		CEC1C53919B3C30000758D1E /* i_4@2x.jpg */ = {isa = PBXFileReference; lastKnownFileType = image.jpeg; path = "i_4@2x.jpg"; sourceTree = "<group>"; };
		CEC1C53A19B3C30000758D1E /* i_5.jpg */ = {isa = PBXFileReference; lastKnownFileType = image.jpeg; path = i_5.jpg; sourceTree = "<group>"; };
		CEC1C53B19B3C30000758D1E /* i_5@2x.jpg */ = {isa = PBXFileReference; lastKnownFileType = image.jpeg; path = "i_5@2x.jpg"; sourceTree = "<group>"; };
		CEEDEDD919B285E000D2436B /* VeesoDemo.app */ = {isa = PBXFileReference; explicitFileType = wrapper.application; includeInIndex = 0; path = VeesoDemo.app; sourceTree = BUILT_PRODUCTS_DIR; };
		CEEDEDDC19B285E000D2436B /* Foundation.framework */ = {isa = PBXFileReference; lastKnownFileType = wrapper.framework; name = Foundation.framework; path = System/Library/Frameworks/Foundation.framework; sourceTree = SDKROOT; };
		CEEDEDDE19B285E000D2436B /* CoreGraphics.framework */ = {isa = PBXFileReference; lastKnownFileType = wrapper.framework; name = CoreGraphics.framework; path = System/Library/Frameworks/CoreGraphics.framework; sourceTree = SDKROOT; };
		CEEDEDE019B285E000D2436B /* UIKit.framework */ = {isa = PBXFileReference; lastKnownFileType = wrapper.framework; name = UIKit.framework; path = System/Library/Frameworks/UIKit.framework; sourceTree = SDKROOT; };
		CEEDEDE419B285E000D2436B /* VeesoDemo-Info.plist */ = {isa = PBXFileReference; lastKnownFileType = text.plist.xml; path = "VeesoDemo-Info.plist"; sourceTree = "<group>"; };
		CEEDEDE619B285E000D2436B /* en */ = {isa = PBXFileReference; lastKnownFileType = text.plist.strings; name = en; path = en.lproj/InfoPlist.strings; sourceTree = "<group>"; };
		CEEDEDE819B285E000D2436B /* main.m */ = {isa = PBXFileReference; lastKnownFileType = sourcecode.c.objc; path = main.m; sourceTree = "<group>"; };
		CEEDEDEA19B285E000D2436B /* VeesoDemo-Prefix.pch */ = {isa = PBXFileReference; lastKnownFileType = sourcecode.c.h; path = "VeesoDemo-Prefix.pch"; sourceTree = "<group>"; };
		CEEDEDEB19B285E000D2436B /* AppDelegate.h */ = {isa = PBXFileReference; lastKnownFileType = sourcecode.c.h; path = AppDelegate.h; sourceTree = "<group>"; };
		CEEDEDEC19B285E000D2436B /* AppDelegate.m */ = {isa = PBXFileReference; lastKnownFileType = sourcecode.c.objc; path = AppDelegate.m; sourceTree = "<group>"; };
		CEEDEDEF19B285E000D2436B /* Base */ = {isa = PBXFileReference; lastKnownFileType = file.storyboard; name = Base; path = Base.lproj/Main_iPhone.storyboard; sourceTree = "<group>"; };
		CEEDEDF419B285E000D2436B /* ViewController.h */ = {isa = PBXFileReference; lastKnownFileType = sourcecode.c.h; path = ViewController.h; sourceTree = "<group>"; };
		CEEDEDF519B285E000D2436B /* ViewController.m */ = {isa = PBXFileReference; lastKnownFileType = sourcecode.c.objc; path = ViewController.m; sourceTree = "<group>"; };
		CEEDEDF719B285E000D2436B /* Images.xcassets */ = {isa = PBXFileReference; lastKnownFileType = folder.assetcatalog; path = Images.xcassets; sourceTree = "<group>"; };
		CEEDEDFD19B285E000D2436B /* VeesoDemoTests.xctest */ = {isa = PBXFileReference; explicitFileType = wrapper.cfbundle; includeInIndex = 0; path = VeesoDemoTests.xctest; sourceTree = BUILT_PRODUCTS_DIR; };
		CEEDEDFE19B285E000D2436B /* XCTest.framework */ = {isa = PBXFileReference; lastKnownFileType = wrapper.framework; name = XCTest.framework; path = Library/Frameworks/XCTest.framework; sourceTree = DEVELOPER_DIR; };
		CEEDEE0619B285E000D2436B /* VeesoDemoTests-Info.plist */ = {isa = PBXFileReference; lastKnownFileType = text.plist.xml; path = "VeesoDemoTests-Info.plist"; sourceTree = "<group>"; };
		CEEDEE0819B285E000D2436B /* en */ = {isa = PBXFileReference; lastKnownFileType = text.plist.strings; name = en; path = en.lproj/InfoPlist.strings; sourceTree = "<group>"; };
		CEEDEE0A19B285E000D2436B /* VeesoDemoTests.m */ = {isa = PBXFileReference; lastKnownFileType = sourcecode.c.objc; path = VeesoDemoTests.m; sourceTree = "<group>"; };
		E6C3F80D650C4E60A6342A9B /* libPods.a */ = {isa = PBXFileReference; explicitFileType = archive.ar; includeInIndex = 0; path = libPods.a; sourceTree = BUILT_PRODUCTS_DIR; };
/* End PBXFileReference section */

/* Begin PBXFrameworksBuildPhase section */
		CEEDEDD619B285E000D2436B /* Frameworks */ = {
			isa = PBXFrameworksBuildPhase;
			buildActionMask = 2147483647;
			files = (
				CE05D52519D466F900E3F513 /* libPods-TSMiniWebBrowser.a in Frameworks */,
				CE05D52319D466F600E3F513 /* libPods-TBXML.a in Frameworks */,
				CE05D52119D466F300E3F513 /* libPods-KAProgressLabel.a in Frameworks */,
				CEEDEDDF19B285E000D2436B /* CoreGraphics.framework in Frameworks */,
				CEEDEDE119B285E000D2436B /* UIKit.framework in Frameworks */,
				CEEDEDDD19B285E000D2436B /* Foundation.framework in Frameworks */,
				9424893689BF44F17FBAC479 /* libPods.a in Frameworks */,
			);
			runOnlyForDeploymentPostprocessing = 0;
		};
		CEEDEDFA19B285E000D2436B /* Frameworks */ = {
			isa = PBXFrameworksBuildPhase;
			buildActionMask = 2147483647;
			files = (
				CEEDEDFF19B285E000D2436B /* XCTest.framework in Frameworks */,
				CEEDEE0119B285E000D2436B /* UIKit.framework in Frameworks */,
				CEEDEE0019B285E000D2436B /* Foundation.framework in Frameworks */,
			);
			runOnlyForDeploymentPostprocessing = 0;
		};
/* End PBXFrameworksBuildPhase section */

/* Begin PBXGroup section */
		3C4A1415703FC776099A007B /* Pods */ = {
			isa = PBXGroup;
			children = (
				49E78968F9260281DF9452B3 /* Pods.debug.xcconfig */,
				C348D6FA6842E8836C779EB0 /* Pods.release.xcconfig */,
			);
			name = Pods;
			sourceTree = "<group>";
		};
		CE0B7B4519B481DD008ECF95 /* Demos */ = {
			isa = PBXGroup;
			children = (
				CE0B7B4619B48361008ECF95 /* ManualConfigurationViewController.h */,
				CE0B7B4719B48361008ECF95 /* ManualConfigurationViewController.m */,
				CE09734B19B68CA800B287B9 /* JSONConfigurationViewController.h */,
				CE09734C19B68CA800B287B9 /* JSONConfigurationViewController.m */,
				CE09734E19B69B7B00B287B9 /* DictionaryConfigurationViewController.h */,
				CE09734F19B69B7B00B287B9 /* DictionaryConfigurationViewController.m */,
				CE14C18119C758A000545727 /* MRAIDShowcaseViewController.h */,
				CE14C18219C758A000545727 /* MRAIDShowcaseViewController.m */,
				CE14C18619C9023F00545727 /* ContinuousViewController.h */,
				CE14C18719C9023F00545727 /* ContinuousViewController.m */,
			);
			path = Demos;
			sourceTree = SOURCE_ROOT;
		};
		CEC1C53119B3C30000758D1E /* Cell Images */ = {
			isa = PBXGroup;
			children = (
				CEC1C53219B3C30000758D1E /* i_1.jpg */,
				CEC1C53319B3C30000758D1E /* i_1@2x.jpg */,
				CEC1C53419B3C30000758D1E /* i_2.jpg */,
				CEC1C53519B3C30000758D1E /* i_2@2x.jpg */,
				CEC1C53619B3C30000758D1E /* i_3.jpg */,
				CEC1C53719B3C30000758D1E /* i_3@2x.jpg */,
				CEC1C53819B3C30000758D1E /* i_4.jpg */,
				CEC1C53919B3C30000758D1E /* i_4@2x.jpg */,
				CEC1C53A19B3C30000758D1E /* i_5.jpg */,
				CEC1C53B19B3C30000758D1E /* i_5@2x.jpg */,
			);
			name = "Cell Images";
			path = Assets/Cells;
			sourceTree = SOURCE_ROOT;
		};
		CEEDEDD019B285DF00D2436B = {
			isa = PBXGroup;
			children = (
				CEEDEDE219B285E000D2436B /* VeesoDemo */,
				CEEDEE0419B285E000D2436B /* VeesoDemoTests */,
				CEEDEDDB19B285E000D2436B /* Frameworks */,
				CEEDEDDA19B285E000D2436B /* Products */,
				3C4A1415703FC776099A007B /* Pods */,
			);
			sourceTree = "<group>";
		};
		CEEDEDDA19B285E000D2436B /* Products */ = {
			isa = PBXGroup;
			children = (
				CEEDEDD919B285E000D2436B /* VeesoDemo.app */,
				CEEDEDFD19B285E000D2436B /* VeesoDemoTests.xctest */,
			);
			name = Products;
			sourceTree = "<group>";
		};
		CEEDEDDB19B285E000D2436B /* Frameworks */ = {
			isa = PBXGroup;
			children = (
				CE05D52419D466F900E3F513 /* libPods-TSMiniWebBrowser.a */,
				CE05D52219D466F600E3F513 /* libPods-TBXML.a */,
				CE05D52019D466F300E3F513 /* libPods-KAProgressLabel.a */,
				CEEDEDDC19B285E000D2436B /* Foundation.framework */,
				CEEDEDDE19B285E000D2436B /* CoreGraphics.framework */,
				CEEDEDE019B285E000D2436B /* UIKit.framework */,
				CEEDEDFE19B285E000D2436B /* XCTest.framework */,
				E6C3F80D650C4E60A6342A9B /* libPods.a */,
			);
			name = Frameworks;
			sourceTree = "<group>";
		};
		CEEDEDE219B285E000D2436B /* VeesoDemo */ = {
			isa = PBXGroup;
			children = (
				CE0B7B4519B481DD008ECF95 /* Demos */,
				CEEDEDEB19B285E000D2436B /* AppDelegate.h */,
				CEEDEDEC19B285E000D2436B /* AppDelegate.m */,
				CEEDEDEE19B285E000D2436B /* Main_iPhone.storyboard */,
				CEEDEDF419B285E000D2436B /* ViewController.h */,
				CEEDEDF519B285E000D2436B /* ViewController.m */,
				CEEDEDF719B285E000D2436B /* Images.xcassets */,
				CEEDEDE319B285E000D2436B /* Supporting Files */,
				CE14C18A19C9B78700545727 /* NavigationViewController.h */,
				CE14C18B19C9B78700545727 /* NavigationViewController.m */,
				CE2C9A7B19CFAB6800A8C74C /* DemoViewController.h */,
				CE2C9A7C19CFAB6800A8C74C /* DemoViewController.m */,
			);
			path = VeesoDemo;
			sourceTree = "<group>";
		};
		CEEDEDE319B285E000D2436B /* Supporting Files */ = {
			isa = PBXGroup;
			children = (
				CEC1C53119B3C30000758D1E /* Cell Images */,
				CEEDEDE419B285E000D2436B /* VeesoDemo-Info.plist */,
				CEEDEDE519B285E000D2436B /* InfoPlist.strings */,
				CEEDEDE819B285E000D2436B /* main.m */,
				CEEDEDEA19B285E000D2436B /* VeesoDemo-Prefix.pch */,
			);
			name = "Supporting Files";
			sourceTree = "<group>";
		};
		CEEDEE0419B285E000D2436B /* VeesoDemoTests */ = {
			isa = PBXGroup;
			children = (
				CEEDEE0A19B285E000D2436B /* VeesoDemoTests.m */,
				CEEDEE0519B285E000D2436B /* Supporting Files */,
			);
			path = VeesoDemoTests;
			sourceTree = "<group>";
		};
		CEEDEE0519B285E000D2436B /* Supporting Files */ = {
			isa = PBXGroup;
			children = (
				CEEDEE0619B285E000D2436B /* VeesoDemoTests-Info.plist */,
				CEEDEE0719B285E000D2436B /* InfoPlist.strings */,
			);
			name = "Supporting Files";
			sourceTree = "<group>";
		};
/* End PBXGroup section */

/* Begin PBXNativeTarget section */
		CEEDEDD819B285E000D2436B /* VeesoDemo */ = {
			isa = PBXNativeTarget;
			buildConfigurationList = CEEDEE0E19B285E000D2436B /* Build configuration list for PBXNativeTarget "VeesoDemo" */;
			buildPhases = (
				82F168586850409288AC7B38 /* Check Pods Manifest.lock */,
				CEEDEDD519B285E000D2436B /* Sources */,
				CEEDEDD619B285E000D2436B /* Frameworks */,
				CEEDEDD719B285E000D2436B /* Resources */,
				9A5171EF7ACA4325958C1118 /* Copy Pods Resources */,
			);
			buildRules = (
			);
			dependencies = (
			);
			name = VeesoDemo;
			productName = VeesoDemo;
			productReference = CEEDEDD919B285E000D2436B /* VeesoDemo.app */;
			productType = "com.apple.product-type.application";
		};
		CEEDEDFC19B285E000D2436B /* VeesoDemoTests */ = {
			isa = PBXNativeTarget;
			buildConfigurationList = CEEDEE1119B285E000D2436B /* Build configuration list for PBXNativeTarget "VeesoDemoTests" */;
			buildPhases = (
				CEEDEDF919B285E000D2436B /* Sources */,
				CEEDEDFA19B285E000D2436B /* Frameworks */,
				CEEDEDFB19B285E000D2436B /* Resources */,
			);
			buildRules = (
			);
			dependencies = (
				CEEDEE0319B285E000D2436B /* PBXTargetDependency */,
			);
			name = VeesoDemoTests;
			productName = VeesoDemoTests;
			productReference = CEEDEDFD19B285E000D2436B /* VeesoDemoTests.xctest */;
			productType = "com.apple.product-type.bundle.unit-test";
		};
/* End PBXNativeTarget section */

/* Begin PBXProject section */
		CEEDEDD119B285DF00D2436B /* Project object */ = {
			isa = PBXProject;
			attributes = {
				LastUpgradeCheck = 0510;
				ORGANIZATIONNAME = Veeso;
				TargetAttributes = {
					CEEDEDFC19B285E000D2436B = {
						TestTargetID = CEEDEDD819B285E000D2436B;
					};
				};
			};
			buildConfigurationList = CEEDEDD419B285DF00D2436B /* Build configuration list for PBXProject "VeesoDemo" */;
			compatibilityVersion = "Xcode 3.2";
			developmentRegion = English;
			hasScannedForEncodings = 0;
			knownRegions = (
				en,
				Base,
			);
			mainGroup = CEEDEDD019B285DF00D2436B;
			productRefGroup = CEEDEDDA19B285E000D2436B /* Products */;
			projectDirPath = "";
			projectRoot = "";
			targets = (
				CEEDEDD819B285E000D2436B /* VeesoDemo */,
				CEEDEDFC19B285E000D2436B /* VeesoDemoTests */,
			);
		};
/* End PBXProject section */

/* Begin PBXResourcesBuildPhase section */
		CEEDEDD719B285E000D2436B /* Resources */ = {
			isa = PBXResourcesBuildPhase;
			buildActionMask = 2147483647;
			files = (
				CEC1C53F19B3C30000758D1E /* i_2@2x.jpg in Resources */,
				CEC1C54319B3C30000758D1E /* i_4@2x.jpg in Resources */,
				CEC1C54119B3C30000758D1E /* i_3@2x.jpg in Resources */,
				CEC1C54419B3C30000758D1E /* i_5.jpg in Resources */,
				CEC1C54019B3C30000758D1E /* i_3.jpg in Resources */,
				CEC1C53E19B3C30000758D1E /* i_2.jpg in Resources */,
				CEC1C54219B3C30000758D1E /* i_4.jpg in Resources */,
				CEEDEDF819B285E000D2436B /* Images.xcassets in Resources */,
				CEEDEDF019B285E000D2436B /* Main_iPhone.storyboard in Resources */,
				CEEDEDE719B285E000D2436B /* InfoPlist.strings in Resources */,
				CEC1C53D19B3C30000758D1E /* i_1@2x.jpg in Resources */,
				CEC1C53C19B3C30000758D1E /* i_1.jpg in Resources */,
				CEC1C54519B3C30000758D1E /* i_5@2x.jpg in Resources */,
			);
			runOnlyForDeploymentPostprocessing = 0;
		};
		CEEDEDFB19B285E000D2436B /* Resources */ = {
			isa = PBXResourcesBuildPhase;
			buildActionMask = 2147483647;
			files = (
				CEEDEE0919B285E000D2436B /* InfoPlist.strings in Resources */,
			);
			runOnlyForDeploymentPostprocessing = 0;
		};
/* End PBXResourcesBuildPhase section */

/* Begin PBXShellScriptBuildPhase section */
		82F168586850409288AC7B38 /* Check Pods Manifest.lock */ = {
			isa = PBXShellScriptBuildPhase;
			buildActionMask = 2147483647;
			files = (
			);
			inputPaths = (
			);
			name = "Check Pods Manifest.lock";
			outputPaths = (
			);
			runOnlyForDeploymentPostprocessing = 0;
			shellPath = /bin/sh;
			shellScript = "diff \"${PODS_ROOT}/../Podfile.lock\" \"${PODS_ROOT}/Manifest.lock\" > /dev/null\nif [[ $? != 0 ]] ; then\n    cat << EOM\nerror: The sandbox is not in sync with the Podfile.lock. Run 'pod install' or update your CocoaPods installation.\nEOM\n    exit 1\nfi\n";
			showEnvVarsInLog = 0;
		};
		9A5171EF7ACA4325958C1118 /* Copy Pods Resources */ = {
			isa = PBXShellScriptBuildPhase;
			buildActionMask = 2147483647;
			files = (
			);
			inputPaths = (
			);
			name = "Copy Pods Resources";
			outputPaths = (
			);
			runOnlyForDeploymentPostprocessing = 0;
			shellPath = /bin/sh;
			shellScript = "\"${SRCROOT}/Pods/Target Support Files/Pods/Pods-resources.sh\"\n";
			showEnvVarsInLog = 0;
		};
/* End PBXShellScriptBuildPhase section */

/* Begin PBXSourcesBuildPhase section */
		CEEDEDD519B285E000D2436B /* Sources */ = {
			isa = PBXSourcesBuildPhase;
			buildActionMask = 2147483647;
			files = (
				CE14C18819C9023F00545727 /* ContinuousViewController.m in Sources */,
				CE14C18319C758A000545727 /* MRAIDShowcaseViewController.m in Sources */,
				CEEDEDF619B285E000D2436B /* ViewController.m in Sources */,
				CE0973B219C1FBC700B287B9 /* DictionaryConfigurationViewController.m in Sources */,
				CE14C18C19C9B78700545727 /* NavigationViewController.m in Sources */,
				CE2C9A7D19CFAB6800A8C74C /* DemoViewController.m in Sources */,
				CE0973B119C1FBC400B287B9 /* JSONConfigurationViewController.m in Sources */,
				CEEDEDED19B285E000D2436B /* AppDelegate.m in Sources */,
				CEEDEDE919B285E000D2436B /* main.m in Sources */,
				CE0973B019C1FBC100B287B9 /* ManualConfigurationViewController.m in Sources */,
			);
			runOnlyForDeploymentPostprocessing = 0;
		};
		CEEDEDF919B285E000D2436B /* Sources */ = {
			isa = PBXSourcesBuildPhase;
			buildActionMask = 2147483647;
			files = (
				CEEDEE0B19B285E000D2436B /* VeesoDemoTests.m in Sources */,
			);
			runOnlyForDeploymentPostprocessing = 0;
		};
/* End PBXSourcesBuildPhase section */

/* Begin PBXTargetDependency section */
		CEEDEE0319B285E000D2436B /* PBXTargetDependency */ = {
			isa = PBXTargetDependency;
			target = CEEDEDD819B285E000D2436B /* VeesoDemo */;
			targetProxy = CEEDEE0219B285E000D2436B /* PBXContainerItemProxy */;
		};
/* End PBXTargetDependency section */

/* Begin PBXVariantGroup section */
		CEEDEDE519B285E000D2436B /* InfoPlist.strings */ = {
			isa = PBXVariantGroup;
			children = (
				CEEDEDE619B285E000D2436B /* en */,
			);
			name = InfoPlist.strings;
			sourceTree = "<group>";
		};
		CEEDEDEE19B285E000D2436B /* Main_iPhone.storyboard */ = {
			isa = PBXVariantGroup;
			children = (
				CEEDEDEF19B285E000D2436B /* Base */,
			);
			name = Main_iPhone.storyboard;
			sourceTree = "<group>";
		};
		CEEDEE0719B285E000D2436B /* InfoPlist.strings */ = {
			isa = PBXVariantGroup;
			children = (
				CEEDEE0819B285E000D2436B /* en */,
			);
			name = InfoPlist.strings;
			sourceTree = "<group>";
		};
/* End PBXVariantGroup section */

/* Begin XCBuildConfiguration section */
		CEEDEE0C19B285E000D2436B /* Debug */ = {
			isa = XCBuildConfiguration;
			buildSettings = {
				ALWAYS_SEARCH_USER_PATHS = NO;
				CLANG_CXX_LANGUAGE_STANDARD = "gnu++0x";
				CLANG_CXX_LIBRARY = "libc++";
				CLANG_ENABLE_MODULES = YES;
				CLANG_ENABLE_OBJC_ARC = YES;
				CLANG_WARN_BOOL_CONVERSION = YES;
				CLANG_WARN_CONSTANT_CONVERSION = YES;
				CLANG_WARN_DIRECT_OBJC_ISA_USAGE = YES_ERROR;
				CLANG_WARN_EMPTY_BODY = YES;
				CLANG_WARN_ENUM_CONVERSION = YES;
				CLANG_WARN_INT_CONVERSION = YES;
				CLANG_WARN_OBJC_ROOT_CLASS = YES_ERROR;
				CLANG_WARN__DUPLICATE_METHOD_MATCH = YES;
				"CODE_SIGN_IDENTITY[sdk=iphoneos*]" = "iPhone Developer";
				COPY_PHASE_STRIP = NO;
				GCC_C_LANGUAGE_STANDARD = gnu99;
				GCC_DYNAMIC_NO_PIC = NO;
				GCC_OPTIMIZATION_LEVEL = 0;
				GCC_PREPROCESSOR_DEFINITIONS = (
					"DEBUG=1",
					"$(inherited)",
				);
				GCC_SYMBOLS_PRIVATE_EXTERN = NO;
				GCC_WARN_64_TO_32_BIT_CONVERSION = YES;
				GCC_WARN_ABOUT_RETURN_TYPE = YES_ERROR;
				GCC_WARN_UNDECLARED_SELECTOR = YES;
				GCC_WARN_UNINITIALIZED_AUTOS = YES_AGGRESSIVE;
				GCC_WARN_UNUSED_FUNCTION = YES;
				GCC_WARN_UNUSED_VARIABLE = YES;
				IPHONEOS_DEPLOYMENT_TARGET = 7.1;
				ONLY_ACTIVE_ARCH = YES;
				SDKROOT = iphoneos;
				TARGETED_DEVICE_FAMILY = "1,2";
			};
			name = Debug;
		};
		CEEDEE0D19B285E000D2436B /* Release */ = {
			isa = XCBuildConfiguration;
			buildSettings = {
				ALWAYS_SEARCH_USER_PATHS = NO;
				CLANG_CXX_LANGUAGE_STANDARD = "gnu++0x";
				CLANG_CXX_LIBRARY = "libc++";
				CLANG_ENABLE_MODULES = YES;
				CLANG_ENABLE_OBJC_ARC = YES;
				CLANG_WARN_BOOL_CONVERSION = YES;
				CLANG_WARN_CONSTANT_CONVERSION = YES;
				CLANG_WARN_DIRECT_OBJC_ISA_USAGE = YES_ERROR;
				CLANG_WARN_EMPTY_BODY = YES;
				CLANG_WARN_ENUM_CONVERSION = YES;
				CLANG_WARN_INT_CONVERSION = YES;
				CLANG_WARN_OBJC_ROOT_CLASS = YES_ERROR;
				CLANG_WARN__DUPLICATE_METHOD_MATCH = YES;
				"CODE_SIGN_IDENTITY[sdk=iphoneos*]" = "iPhone Developer";
				COPY_PHASE_STRIP = YES;
				ENABLE_NS_ASSERTIONS = NO;
				GCC_C_LANGUAGE_STANDARD = gnu99;
				GCC_WARN_64_TO_32_BIT_CONVERSION = YES;
				GCC_WARN_ABOUT_RETURN_TYPE = YES_ERROR;
				GCC_WARN_UNDECLARED_SELECTOR = YES;
				GCC_WARN_UNINITIALIZED_AUTOS = YES_AGGRESSIVE;
				GCC_WARN_UNUSED_FUNCTION = YES;
				GCC_WARN_UNUSED_VARIABLE = YES;
				IPHONEOS_DEPLOYMENT_TARGET = 7.1;
				SDKROOT = iphoneos;
				TARGETED_DEVICE_FAMILY = "1,2";
				VALIDATE_PRODUCT = YES;
			};
			name = Release;
		};
		CEEDEE0F19B285E000D2436B /* Debug */ = {
			isa = XCBuildConfiguration;
			baseConfigurationReference = 49E78968F9260281DF9452B3 /* Pods.debug.xcconfig */;
			buildSettings = {
				ASSETCATALOG_COMPILER_APPICON_NAME = AppIcon;
				ASSETCATALOG_COMPILER_LAUNCHIMAGE_NAME = LaunchImage;
				GCC_PRECOMPILE_PREFIX_HEADER = YES;
				GCC_PREFIX_HEADER = "VeesoDemo/VeesoDemo-Prefix.pch";
				INFOPLIST_FILE = "VeesoDemo/VeesoDemo-Info.plist";
				IPHONEOS_DEPLOYMENT_TARGET = 6.0;
				PRODUCT_NAME = "$(TARGET_NAME)";
				TARGETED_DEVICE_FAMILY = 1;
				WRAPPER_EXTENSION = app;
			};
			name = Debug;
		};
		CEEDEE1019B285E000D2436B /* Release */ = {
			isa = XCBuildConfiguration;
			baseConfigurationReference = C348D6FA6842E8836C779EB0 /* Pods.release.xcconfig */;
			buildSettings = {
				ASSETCATALOG_COMPILER_APPICON_NAME = AppIcon;
				ASSETCATALOG_COMPILER_LAUNCHIMAGE_NAME = LaunchImage;
				GCC_PRECOMPILE_PREFIX_HEADER = YES;
				GCC_PREFIX_HEADER = "VeesoDemo/VeesoDemo-Prefix.pch";
				INFOPLIST_FILE = "VeesoDemo/VeesoDemo-Info.plist";
				IPHONEOS_DEPLOYMENT_TARGET = 6.0;
				PRODUCT_NAME = "$(TARGET_NAME)";
				TARGETED_DEVICE_FAMILY = 1;
				WRAPPER_EXTENSION = app;
			};
			name = Release;
		};
		CEEDEE1219B285E000D2436B /* Debug */ = {
			isa = XCBuildConfiguration;
			buildSettings = {
				BUNDLE_LOADER = "$(BUILT_PRODUCTS_DIR)/VeesoDemo.app/VeesoDemo";
				FRAMEWORK_SEARCH_PATHS = (
					"$(SDKROOT)/Developer/Library/Frameworks",
					"$(inherited)",
					"$(DEVELOPER_FRAMEWORKS_DIR)",
				);
				GCC_PRECOMPILE_PREFIX_HEADER = YES;
				GCC_PREFIX_HEADER = "VeesoDemo/VeesoDemo-Prefix.pch";
				GCC_PREPROCESSOR_DEFINITIONS = (
					"DEBUG=1",
					"$(inherited)",
				);
				INFOPLIST_FILE = "VeesoDemoTests/VeesoDemoTests-Info.plist";
				PRODUCT_NAME = "$(TARGET_NAME)";
				TEST_HOST = "$(BUNDLE_LOADER)";
				WRAPPER_EXTENSION = xctest;
			};
			name = Debug;
		};
		CEEDEE1319B285E000D2436B /* Release */ = {
			isa = XCBuildConfiguration;
			buildSettings = {
				BUNDLE_LOADER = "$(BUILT_PRODUCTS_DIR)/VeesoDemo.app/VeesoDemo";
				FRAMEWORK_SEARCH_PATHS = (
					"$(SDKROOT)/Developer/Library/Frameworks",
					"$(inherited)",
					"$(DEVELOPER_FRAMEWORKS_DIR)",
				);
				GCC_PRECOMPILE_PREFIX_HEADER = YES;
				GCC_PREFIX_HEADER = "VeesoDemo/VeesoDemo-Prefix.pch";
				INFOPLIST_FILE = "VeesoDemoTests/VeesoDemoTests-Info.plist";
				PRODUCT_NAME = "$(TARGET_NAME)";
				TEST_HOST = "$(BUNDLE_LOADER)";
				WRAPPER_EXTENSION = xctest;
			};
			name = Release;
		};
/* End XCBuildConfiguration section */

/* Begin XCConfigurationList section */
		CEEDEDD419B285DF00D2436B /* Build configuration list for PBXProject "VeesoDemo" */ = {
			isa = XCConfigurationList;
			buildConfigurations = (
				CEEDEE0C19B285E000D2436B /* Debug */,
				CEEDEE0D19B285E000D2436B /* Release */,
			);
			defaultConfigurationIsVisible = 0;
			defaultConfigurationName = Release;
		};
		CEEDEE0E19B285E000D2436B /* Build configuration list for PBXNativeTarget "VeesoDemo" */ = {
			isa = XCConfigurationList;
			buildConfigurations = (
				CEEDEE0F19B285E000D2436B /* Debug */,
				CEEDEE1019B285E000D2436B /* Release */,
			);
			defaultConfigurationIsVisible = 0;
			defaultConfigurationName = Release;
		};
		CEEDEE1119B285E000D2436B /* Build configuration list for PBXNativeTarget "VeesoDemoTests" */ = {
			isa = XCConfigurationList;
			buildConfigurations = (
				CEEDEE1219B285E000D2436B /* Debug */,
				CEEDEE1319B285E000D2436B /* Release */,
			);
			defaultConfigurationIsVisible = 0;
			defaultConfigurationName = Release;
		};
/* End XCConfigurationList section */
	};
	rootObject = CEEDEDD119B285DF00D2436B /* Project object */;
}
